
Microsoft Visual Studio Solution File, Format Version 12.00
# Visual Studio Version 16
VisualStudioVersion = 16.0.29123.88
MinimumVisualStudioVersion = 10.0.40219.1
Project("{FAE04EC0-301F-11D3-BF4B-00C04F79EFBC}") = "LaptopLoaner", "LaptopLoaner.csproj", "{77AC4A1F-5282-4F4F-8F27-E51E8264F6A8}"
EndProject
Global
	GlobalSection(SolutionConfigurationPlatforms) = preSolution
		Debug|Any CPU = Debug|Any CPU
		Release|Any CPU = Release|Any CPU
	EndGlobalSection
	GlobalSection(ProjectConfigurationPlatforms) = postSolution
		{77AC4A1F-5282-4F4F-8F27-E51E8264F6A8}.Debug|Any CPU.ActiveCfg = Debug|Any CPU
		{77AC4A1F-5282-4F4F-8F27-E51E8264F6A8}.Debug|Any CPU.Build.0 = Debug|Any CPU
		{77AC4A1F-5282-4F4F-8F27-E51E8264F6A8}.Release|Any CPU.ActiveCfg = Release|Any CPU
		{77AC4A1F-5282-4F4F-8F27-E51E8264F6A8}.Release|Any CPU.Build.0 = Release|Any CPU
	EndGlobalSection
	GlobalSection(SolutionProperties) = preSolution
		HideSolutionNode = FALSE
	EndGlobalSection
	GlobalSection(ExtensibilityGlobals) = postSolution
		SolutionGuid = {871717D8-908C-473B-9D39-0507375FE230}
	EndGlobalSection
EndGlobal
